
Microsoft Visual Studio Solution File, Format Version 12.00
# Visual Studio 2013
VisualStudioVersion = 12.0.21005.1
MinimumVisualStudioVersion = 10.0.40219.1
Project("{FAE04EC0-301F-11D3-BF4B-00C04F79EFBC}") = "IF.Ray", "src\IF.Ray\IF.Ray.csproj", "{CB9163CA-D4CB-4246-9A1F-A886915B14D2}"
EndProject
Project("{FAE04EC0-301F-11D3-BF4B-00C04F79EFBC}") = "CjClutter.ObjLoader.WinRT", "lib\ObjLoader\source\CjClutter.ObjLoader.WinRT\CjClutter.ObjLoader.WinRT.csproj", "{C05D08D4-A3BF-4952-844F-952632B4D5FF}"
EndProject
Project("{FAE04EC0-301F-11D3-BF4B-00C04F79EFBC}") = "IF.Common.Metro", "lib\inflatable-toolkit\src\IF.Common.Metro\IF.Common.Metro.csproj", "{948802F9-6D48-489C-8500-F6D2C84411BD}"
EndProject
Global
	GlobalSection(SolutionConfigurationPlatforms) = preSolution
		Debug ARM|Any CPU = Debug ARM|Any CPU
		Debug ARM|ARM = Debug ARM|ARM
		Debug ARM|x64 = Debug ARM|x64
		Debug ARM|x86 = Debug ARM|x86
		Debug|Any CPU = Debug|Any CPU
		Debug|ARM = Debug|ARM
		Debug|x64 = Debug|x64
		Debug|x86 = Debug|x86
		Release|Any CPU = Release|Any CPU
		Release|ARM = Release|ARM
		Release|x64 = Release|x64
		Release|x86 = Release|x86
	EndGlobalSection
	GlobalSection(ProjectConfigurationPlatforms) = postSolution
		{CB9163CA-D4CB-4246-9A1F-A886915B14D2}.Debug ARM|Any CPU.ActiveCfg = Debug|Any CPU
		{CB9163CA-D4CB-4246-9A1F-A886915B14D2}.Debug ARM|Any CPU.Build.0 = Debug|Any CPU
		{CB9163CA-D4CB-4246-9A1F-A886915B14D2}.Debug ARM|Any CPU.Deploy.0 = Debug|Any CPU
		{CB9163CA-D4CB-4246-9A1F-A886915B14D2}.Debug ARM|ARM.ActiveCfg = Debug|ARM
		{CB9163CA-D4CB-4246-9A1F-A886915B14D2}.Debug ARM|ARM.Build.0 = Debug|ARM
		{CB9163CA-D4CB-4246-9A1F-A886915B14D2}.Debug ARM|ARM.Deploy.0 = Debug|ARM
		{CB9163CA-D4CB-4246-9A1F-A886915B14D2}.Debug ARM|x64.ActiveCfg = Debug|x64
		{CB9163CA-D4CB-4246-9A1F-A886915B14D2}.Debug ARM|x64.Build.0 = Debug|x64
		{CB9163CA-D4CB-4246-9A1F-A886915B14D2}.Debug ARM|x64.Deploy.0 = Debug|x64
		{CB9163CA-D4CB-4246-9A1F-A886915B14D2}.Debug ARM|x86.ActiveCfg = Debug|x86
		{CB9163CA-D4CB-4246-9A1F-A886915B14D2}.Debug ARM|x86.Build.0 = Debug|x86
		{CB9163CA-D4CB-4246-9A1F-A886915B14D2}.Debug ARM|x86.Deploy.0 = Debug|x86
		{CB9163CA-D4CB-4246-9A1F-A886915B14D2}.Debug|Any CPU.ActiveCfg = Debug|Any CPU
		{CB9163CA-D4CB-4246-9A1F-A886915B14D2}.Debug|Any CPU.Build.0 = Debug|Any CPU
		{CB9163CA-D4CB-4246-9A1F-A886915B14D2}.Debug|Any CPU.Deploy.0 = Debug|Any CPU
		{CB9163CA-D4CB-4246-9A1F-A886915B14D2}.Debug|ARM.ActiveCfg = Debug|ARM
		{CB9163CA-D4CB-4246-9A1F-A886915B14D2}.Debug|ARM.Build.0 = Debug|ARM
		{CB9163CA-D4CB-4246-9A1F-A886915B14D2}.Debug|ARM.Deploy.0 = Debug|ARM
		{CB9163CA-D4CB-4246-9A1F-A886915B14D2}.Debug|x64.ActiveCfg = Debug|x64
		{CB9163CA-D4CB-4246-9A1F-A886915B14D2}.Debug|x64.Build.0 = Debug|x64
		{CB9163CA-D4CB-4246-9A1F-A886915B14D2}.Debug|x64.Deploy.0 = Debug|x64
		{CB9163CA-D4CB-4246-9A1F-A886915B14D2}.Debug|x86.ActiveCfg = Debug|x86
		{CB9163CA-D4CB-4246-9A1F-A886915B14D2}.Debug|x86.Build.0 = Debug|x86
		{CB9163CA-D4CB-4246-9A1F-A886915B14D2}.Debug|x86.Deploy.0 = Debug|x86
		{CB9163CA-D4CB-4246-9A1F-A886915B14D2}.Release|Any CPU.ActiveCfg = Release|Any CPU
		{CB9163CA-D4CB-4246-9A1F-A886915B14D2}.Release|Any CPU.Build.0 = Release|Any CPU
		{CB9163CA-D4CB-4246-9A1F-A886915B14D2}.Release|Any CPU.Deploy.0 = Release|Any CPU
		{CB9163CA-D4CB-4246-9A1F-A886915B14D2}.Release|ARM.ActiveCfg = Release|ARM
		{CB9163CA-D4CB-4246-9A1F-A886915B14D2}.Release|ARM.Build.0 = Release|ARM
		{CB9163CA-D4CB-4246-9A1F-A886915B14D2}.Release|ARM.Deploy.0 = Release|ARM
		{CB9163CA-D4CB-4246-9A1F-A886915B14D2}.Release|x64.ActiveCfg = Release|x64
		{CB9163CA-D4CB-4246-9A1F-A886915B14D2}.Release|x64.Build.0 = Release|x64
		{CB9163CA-D4CB-4246-9A1F-A886915B14D2}.Release|x64.Deploy.0 = Release|x64
		{CB9163CA-D4CB-4246-9A1F-A886915B14D2}.Release|x86.ActiveCfg = Release|x86
		{CB9163CA-D4CB-4246-9A1F-A886915B14D2}.Release|x86.Build.0 = Release|x86
		{CB9163CA-D4CB-4246-9A1F-A886915B14D2}.Release|x86.Deploy.0 = Release|x86
		{C05D08D4-A3BF-4952-844F-952632B4D5FF}.Debug ARM|Any CPU.ActiveCfg = Debug|Any CPU
		{C05D08D4-A3BF-4952-844F-952632B4D5FF}.Debug ARM|Any CPU.Build.0 = Debug|Any CPU
		{C05D08D4-A3BF-4952-844F-952632B4D5FF}.Debug ARM|ARM.ActiveCfg = Debug|ARM
		{C05D08D4-A3BF-4952-844F-952632B4D5FF}.Debug ARM|ARM.Build.0 = Debug|ARM
		{C05D08D4-A3BF-4952-844F-952632B4D5FF}.Debug ARM|x64.ActiveCfg = Debug|x64
		{C05D08D4-A3BF-4952-844F-952632B4D5FF}.Debug ARM|x64.Build.0 = Debug|x64
		{C05D08D4-A3BF-4952-844F-952632B4D5FF}.Debug ARM|x86.ActiveCfg = Debug|x86
		{C05D08D4-A3BF-4952-844F-952632B4D5FF}.Debug ARM|x86.Build.0 = Debug|x86
		{C05D08D4-A3BF-4952-844F-952632B4D5FF}.Debug|Any CPU.ActiveCfg = Debug|Any CPU
		{C05D08D4-A3BF-4952-844F-952632B4D5FF}.Debug|Any CPU.Build.0 = Debug|Any CPU
		{C05D08D4-A3BF-4952-844F-952632B4D5FF}.Debug|ARM.ActiveCfg = Debug|ARM
		{C05D08D4-A3BF-4952-844F-952632B4D5FF}.Debug|ARM.Build.0 = Debug|ARM
		{C05D08D4-A3BF-4952-844F-952632B4D5FF}.Debug|x64.ActiveCfg = Debug|x64
		{C05D08D4-A3BF-4952-844F-952632B4D5FF}.Debug|x64.Build.0 = Debug|x64
		{C05D08D4-A3BF-4952-844F-952632B4D5FF}.Debug|x86.ActiveCfg = Debug|x86
		{C05D08D4-A3BF-4952-844F-952632B4D5FF}.Debug|x86.Build.0 = Debug|x86
		{C05D08D4-A3BF-4952-844F-952632B4D5FF}.Release|Any CPU.ActiveCfg = Release|Any CPU
		{C05D08D4-A3BF-4952-844F-952632B4D5FF}.Release|Any CPU.Build.0 = Release|Any CPU
		{C05D08D4-A3BF-4952-844F-952632B4D5FF}.Release|ARM.ActiveCfg = Release|ARM
		{C05D08D4-A3BF-4952-844F-952632B4D5FF}.Release|ARM.Build.0 = Release|ARM
		{C05D08D4-A3BF-4952-844F-952632B4D5FF}.Release|x64.ActiveCfg = Release|x64
		{C05D08D4-A3BF-4952-844F-952632B4D5FF}.Release|x64.Build.0 = Release|x64
		{C05D08D4-A3BF-4952-844F-952632B4D5FF}.Release|x86.ActiveCfg = Release|x86
		{C05D08D4-A3BF-4952-844F-952632B4D5FF}.Release|x86.Build.0 = Release|x86
		{948802F9-6D48-489C-8500-F6D2C84411BD}.Debug ARM|Any CPU.ActiveCfg = Debug ARM|Any CPU
		{948802F9-6D48-489C-8500-F6D2C84411BD}.Debug ARM|Any CPU.Build.0 = Debug ARM|Any CPU
		{948802F9-6D48-489C-8500-F6D2C84411BD}.Debug ARM|ARM.ActiveCfg = Debug ARM|ARM
		{948802F9-6D48-489C-8500-F6D2C84411BD}.Debug ARM|ARM.Build.0 = Debug ARM|ARM
		{948802F9-6D48-489C-8500-F6D2C84411BD}.Debug ARM|x64.ActiveCfg = Debug ARM|x64
		{948802F9-6D48-489C-8500-F6D2C84411BD}.Debug ARM|x64.Build.0 = Debug ARM|x64
		{948802F9-6D48-489C-8500-F6D2C84411BD}.Debug ARM|x86.ActiveCfg = Debug ARM|x86
		{948802F9-6D48-489C-8500-F6D2C84411BD}.Debug ARM|x86.Build.0 = Debug ARM|x86
		{948802F9-6D48-489C-8500-F6D2C84411BD}.Debug|Any CPU.ActiveCfg = Debug|Any CPU
		{948802F9-6D48-489C-8500-F6D2C84411BD}.Debug|Any CPU.Build.0 = Debug|Any CPU
		{948802F9-6D48-489C-8500-F6D2C84411BD}.Debug|ARM.ActiveCfg = Debug|ARM
		{948802F9-6D48-489C-8500-F6D2C84411BD}.Debug|ARM.Build.0 = Debug|ARM
		{948802F9-6D48-489C-8500-F6D2C84411BD}.Debug|x64.ActiveCfg = Debug|x64
		{948802F9-6D48-489C-8500-F6D2C84411BD}.Debug|x64.Build.0 = Debug|x64
		{948802F9-6D48-489C-8500-F6D2C84411BD}.Debug|x86.ActiveCfg = Debug|x86
		{948802F9-6D48-489C-8500-F6D2C84411BD}.Debug|x86.Build.0 = Debug|x86
		{948802F9-6D48-489C-8500-F6D2C84411BD}.Release|Any CPU.ActiveCfg = Release|Any CPU
		{948802F9-6D48-489C-8500-F6D2C84411BD}.Release|Any CPU.Build.0 = Release|Any CPU
		{948802F9-6D48-489C-8500-F6D2C84411BD}.Release|ARM.ActiveCfg = Release|ARM
		{948802F9-6D48-489C-8500-F6D2C84411BD}.Release|ARM.Build.0 = Release|ARM
		{948802F9-6D48-489C-8500-F6D2C84411BD}.Release|x64.ActiveCfg = Release|x64
		{948802F9-6D48-489C-8500-F6D2C84411BD}.Release|x64.Build.0 = Release|x64
		{948802F9-6D48-489C-8500-F6D2C84411BD}.Release|x86.ActiveCfg = Release|x86
		{948802F9-6D48-489C-8500-F6D2C84411BD}.Release|x86.Build.0 = Release|x86
	EndGlobalSection
	GlobalSection(SolutionProperties) = preSolution
		HideSolutionNode = FALSE
	EndGlobalSection
EndGlobal
